Microsoft Visual Studio Solution File, Format Version 8.00
Project("{8BC9CEB8-8B4A-11D0-8D11-00A0C91BC942}") = "mcps", "mcps.vcproj", "{91F215DB-BC0D-4AED-A8E3-ADB725D50BFD}"
	ProjectSection(ProjectDependencies) = postProject
	EndProjectSection
EndProject
Global
	GlobalSection(DPCodeReviewSolutionGUID) = preSolution
		DPCodeReviewSolutionGUID = {00000000-0000-0000-0000-000000000000}
	EndGlobalSection
	GlobalSection(SolutionConfiguration) = preSolution
		Debug = Debug
		Release = Release
	EndGlobalSection
	GlobalSection(ProjectConfiguration) = postSolution
		{91F215DB-BC0D-4AED-A8E3-ADB725D50BFD}.Debug.ActiveCfg = Debug|Win32
		{91F215DB-BC0D-4AED-A8E3-ADB725D50BFD}.Debug.Build.0 = Debug|Win32
		{91F215DB-BC0D-4AED-A8E3-ADB725D50BFD}.Release.ActiveCfg = Release|Win32
		{91F215DB-BC0D-4AED-A8E3-ADB725D50BFD}.Release.Build.0 = Release|Win32
	EndGlobalSection
	GlobalSection(ExtensibilityGlobals) = postSolution
	EndGlobalSection
	GlobalSection(ExtensibilityAddIns) = postSolution
	EndGlobalSection
EndGlobal
